
Microsoft Visual Studio Solution File, Format Version 12.00
# Visual Studio Version 16
VisualStudioVersion = 16.0.29503.13
MinimumVisualStudioVersion = 10.0.40219.1
Project("{FAE04EC0-301F-11D3-BF4B-00C04F79EFBC}") = "assignment_1", "assignment_1\assignment_1.csproj", "{FA31518F-711E-4C6D-865F-0E0F1A83D304}"
EndProject
Global
	GlobalSection(SolutionConfigurationPlatforms) = preSolution
		Debug|Any CPU = Debug|Any CPU
		Release|Any CPU = Release|Any CPU
	EndGlobalSection
	GlobalSection(ProjectConfigurationPlatforms) = postSolution
		{FA31518F-711E-4C6D-865F-0E0F1A83D304}.Debug|Any CPU.ActiveCfg = Debug|Any CPU
		{FA31518F-711E-4C6D-865F-0E0F1A83D304}.Debug|Any CPU.Build.0 = Debug|Any CPU
		{FA31518F-711E-4C6D-865F-0E0F1A83D304}.Release|Any CPU.ActiveCfg = Release|Any CPU
		{FA31518F-711E-4C6D-865F-0E0F1A83D304}.Release|Any CPU.Build.0 = Release|Any CPU
	EndGlobalSection
	GlobalSection(SolutionProperties) = preSolution
		HideSolutionNode = FALSE
	EndGlobalSection
	GlobalSection(ExtensibilityGlobals) = postSolution
		SolutionGuid = {5456E352-E235-4C9A-A288-28800885D40A}
	EndGlobalSection
EndGlobal
